
Microsoft Visual Studio Solution File, Format Version 12.00
# Visual Studio Version 16
VisualStudioVersion = 16.0.30717.126
MinimumVisualStudioVersion = 10.0.40219.1
Project("{FAE04EC0-301F-11D3-BF4B-00C04F79EFBC}") = "BooleanLogicStep168", "BooleanLogicStep168\BooleanLogicStep168.csproj", "{9D742C81-5D71-4164-A6B7-9A1B95B40F3A}"
EndProject
Global
	GlobalSection(SolutionConfigurationPlatforms) = preSolution
		Debug|Any CPU = Debug|Any CPU
		Release|Any CPU = Release|Any CPU
	EndGlobalSection
	GlobalSection(ProjectConfigurationPlatforms) = postSolution
		{9D742C81-5D71-4164-A6B7-9A1B95B40F3A}.Debug|Any CPU.ActiveCfg = Debug|Any CPU
		{9D742C81-5D71-4164-A6B7-9A1B95B40F3A}.Debug|Any CPU.Build.0 = Debug|Any CPU
		{9D742C81-5D71-4164-A6B7-9A1B95B40F3A}.Release|Any CPU.ActiveCfg = Release|Any CPU
		{9D742C81-5D71-4164-A6B7-9A1B95B40F3A}.Release|Any CPU.Build.0 = Release|Any CPU
	EndGlobalSection
	GlobalSection(SolutionProperties) = preSolution
		HideSolutionNode = FALSE
	EndGlobalSection
	GlobalSection(ExtensibilityGlobals) = postSolution
		SolutionGuid = {4F3BEE69-41A1-4D9B-8901-27B30165D6C3}
	EndGlobalSection
EndGlobal
